// !$*UTF8*$!
{
	archiveVersion = 1;
	classes = {
	};
	objectVersion = 56;
	objects = {

/* Begin PBXBuildFile section */
		987ED87F2A79EA7300E5391F /* WelcomeView.swift in Sources */ = {isa = PBXBuildFile; fileRef = 987ED87E2A79EA7300E5391F /* WelcomeView.swift */; };
		987ED8812A79EB9F00E5391F /* AnimationView.swift in Sources */ = {isa = PBXBuildFile; fileRef = 987ED8802A79EB9F00E5391F /* AnimationView.swift */; };
		987ED8862A79FA5200E5391F /* MapView.swift in Sources */ = {isa = PBXBuildFile; fileRef = 987ED8852A79FA5200E5391F /* MapView.swift */; };
		987ED8A22A7A06C300E5391F /* PlayfairDisplay-Regular.ttf in Resources */ = {isa = PBXBuildFile; fileRef = 987ED8962A7A06C100E5391F /* PlayfairDisplay-Regular.ttf */; };
		987ED8A32A7A06C300E5391F /* PlayfairDisplay-Black.ttf in Resources */ = {isa = PBXBuildFile; fileRef = 987ED8972A7A06C200E5391F /* PlayfairDisplay-Black.ttf */; };
		987ED8A42A7A06C300E5391F /* PlayfairDisplay-BoldItalic.ttf in Resources */ = {isa = PBXBuildFile; fileRef = 987ED8982A7A06C200E5391F /* PlayfairDisplay-BoldItalic.ttf */; };
		987ED8A52A7A06C300E5391F /* PlayfairDisplay-Italic.ttf in Resources */ = {isa = PBXBuildFile; fileRef = 987ED8992A7A06C200E5391F /* PlayfairDisplay-Italic.ttf */; };
		987ED8A62A7A06C300E5391F /* PlayfairDisplay-ExtraBoldItalic.ttf in Resources */ = {isa = PBXBuildFile; fileRef = 987ED89A2A7A06C200E5391F /* PlayfairDisplay-ExtraBoldItalic.ttf */; };
		987ED8A72A7A06C300E5391F /* PlayfairDisplay-BlackItalic.ttf in Resources */ = {isa = PBXBuildFile; fileRef = 987ED89B2A7A06C200E5391F /* PlayfairDisplay-BlackItalic.ttf */; };
		987ED8A82A7A06C300E5391F /* PlayfairDisplay-MediumItalic.ttf in Resources */ = {isa = PBXBuildFile; fileRef = 987ED89C2A7A06C200E5391F /* PlayfairDisplay-MediumItalic.ttf */; };
		987ED8A92A7A06C300E5391F /* PlayfairDisplay-Bold.ttf in Resources */ = {isa = PBXBuildFile; fileRef = 987ED89D2A7A06C200E5391F /* PlayfairDisplay-Bold.ttf */; };
		987ED8AA2A7A06C300E5391F /* PlayfairDisplay-SemiBold.ttf in Resources */ = {isa = PBXBuildFile; fileRef = 987ED89E2A7A06C200E5391F /* PlayfairDisplay-SemiBold.ttf */; };
		987ED8AB2A7A06C300E5391F /* PlayfairDisplay-SemiBoldItalic.ttf in Resources */ = {isa = PBXBuildFile; fileRef = 987ED89F2A7A06C200E5391F /* PlayfairDisplay-SemiBoldItalic.ttf */; };
		987ED8AC2A7A06C300E5391F /* PlayfairDisplay-ExtraBold.ttf in Resources */ = {isa = PBXBuildFile; fileRef = 987ED8A02A7A06C300E5391F /* PlayfairDisplay-ExtraBold.ttf */; };
		987ED8AD2A7A06C300E5391F /* PlayfairDisplay-Medium.ttf in Resources */ = {isa = PBXBuildFile; fileRef = 987ED8A12A7A06C300E5391F /* PlayfairDisplay-Medium.ttf */; };
		987ED8AF2A7AC0E400E5391F /* cocktail.json in Resources */ = {isa = PBXBuildFile; fileRef = 987ED8AE2A7AC0E400E5391F /* cocktail.json */; };
		989205352A779BDE006A2B0F /* WhiskApp.swift in Sources */ = {isa = PBXBuildFile; fileRef = 989205342A779BDE006A2B0F /* WhiskApp.swift */; };
		989205372A779BDE006A2B0F /* ContentView.swift in Sources */ = {isa = PBXBuildFile; fileRef = 989205362A779BDE006A2B0F /* ContentView.swift */; };
		989205392A779BDF006A2B0F /* Assets.xcassets in Resources */ = {isa = PBXBuildFile; fileRef = 989205382A779BDF006A2B0F /* Assets.xcassets */; };
		9892053C2A779BDF006A2B0F /* Preview Assets.xcassets in Resources */ = {isa = PBXBuildFile; fileRef = 9892053B2A779BDF006A2B0F /* Preview Assets.xcassets */; };
		989205462A779BDF006A2B0F /* WhiskTests.swift in Sources */ = {isa = PBXBuildFile; fileRef = 989205452A779BDF006A2B0F /* WhiskTests.swift */; };
		989205502A779BDF006A2B0F /* WhiskUITests.swift in Sources */ = {isa = PBXBuildFile; fileRef = 9892054F2A779BDF006A2B0F /* WhiskUITests.swift */; };
		989205522A779BDF006A2B0F /* WhiskUITestsLaunchTests.swift in Sources */ = {isa = PBXBuildFile; fileRef = 989205512A779BDF006A2B0F /* WhiskUITestsLaunchTests.swift */; };
		9892056B2A77A120006A2B0F /* CircleImage.swift in Sources */ = {isa = PBXBuildFile; fileRef = 9892056A2A77A120006A2B0F /* CircleImage.swift */; };
		989205702A77A17C006A2B0F /* CocktailCard.swift in Sources */ = {isa = PBXBuildFile; fileRef = 9892056F2A77A17C006A2B0F /* CocktailCard.swift */; };
		989205722A77A1CE006A2B0F /* CocktailList.swift in Sources */ = {isa = PBXBuildFile; fileRef = 989205712A77A1CE006A2B0F /* CocktailList.swift */; };
		989205762A77AA02006A2B0F /* Cocktail.swift in Sources */ = {isa = PBXBuildFile; fileRef = 989205752A77AA02006A2B0F /* Cocktail.swift */; };
		9892057D2A77AA86006A2B0F /* ModelData.swift in Sources */ = {isa = PBXBuildFile; fileRef = 9892057C2A77AA86006A2B0F /* ModelData.swift */; };
		989205882A78D7AB006A2B0F /* CocktailRow.swift in Sources */ = {isa = PBXBuildFile; fileRef = 989205872A78D7AB006A2B0F /* CocktailRow.swift */; };
		9892058A2A78DD1B006A2B0F /* RectangleImage.swift in Sources */ = {isa = PBXBuildFile; fileRef = 989205892A78DD1B006A2B0F /* RectangleImage.swift */; };
		98F8428B2A80EEE400A4276F /* MapAnnotationView.swift in Sources */ = {isa = PBXBuildFile; fileRef = 98F8428A2A80EEE400A4276F /* MapAnnotationView.swift */; };
		98F842942A82EB1100A4276F /* AccountView.swift in Sources */ = {isa = PBXBuildFile; fileRef = 98F842932A82EB1100A4276F /* AccountView.swift */; };
		98F842962A83588B00A4276F /* InfoView.swift in Sources */ = {isa = PBXBuildFile; fileRef = 98F842952A83588B00A4276F /* InfoView.swift */; };
		98F8429B2A835C4500A4276F /* Roboto-Medium.ttf in Resources */ = {isa = PBXBuildFile; fileRef = 98F842972A835C4400A4276F /* Roboto-Medium.ttf */; };
		98F8429C2A835C4500A4276F /* Roboto-Light.ttf in Resources */ = {isa = PBXBuildFile; fileRef = 98F842982A835C4400A4276F /* Roboto-Light.ttf */; };
		98F8429D2A835C4500A4276F /* Roboto-Regular.ttf in Resources */ = {isa = PBXBuildFile; fileRef = 98F842992A835C4400A4276F /* Roboto-Regular.ttf */; };
		98F8429E2A835C4500A4276F /* Roboto-Bold.ttf in Resources */ = {isa = PBXBuildFile; fileRef = 98F8429A2A835C4400A4276F /* Roboto-Bold.ttf */; };
		98F842A22A838D0300A4276F /* RatingView.swift in Sources */ = {isa = PBXBuildFile; fileRef = 98F842A12A838D0300A4276F /* RatingView.swift */; };
		98F842A42A838F6A00A4276F /* HeartBoxView.swift in Sources */ = {isa = PBXBuildFile; fileRef = 98F842A32A838F6A00A4276F /* HeartBoxView.swift */; };
		98F842A62A8462A200A4276F /* IngredientsView.swift in Sources */ = {isa = PBXBuildFile; fileRef = 98F842A52A8462A200A4276F /* IngredientsView.swift */; };
		98F842A82A85CE0800A4276F /* ButtonView.swift in Sources */ = {isa = PBXBuildFile; fileRef = 98F842A72A85CE0800A4276F /* ButtonView.swift */; };
		98F842AB2A85CED700A4276F /* TitleTextView.swift in Sources */ = {isa = PBXBuildFile; fileRef = 98F842AA2A85CED700A4276F /* TitleTextView.swift */; };
		98F842AD2A85CEDF00A4276F /* CaptionTextView.swift in Sources */ = {isa = PBXBuildFile; fileRef = 98F842AC2A85CEDF00A4276F /* CaptionTextView.swift */; };
		98F842AF2A85CEED00A4276F /* HeadingTextView.swift in Sources */ = {isa = PBXBuildFile; fileRef = 98F842AE2A85CEED00A4276F /* HeadingTextView.swift */; };
/* End PBXBuildFile section */

/* Begin PBXContainerItemProxy section */
		989205422A779BDF006A2B0F /* PBXContainerItemProxy */ = {
			isa = PBXContainerItemProxy;
			containerPortal = 989205292A779BDE006A2B0F /* Project object */;
			proxyType = 1;
			remoteGlobalIDString = 989205302A779BDE006A2B0F;
			remoteInfo = Whisk;
		};
		9892054C2A779BDF006A2B0F /* PBXContainerItemProxy */ = {
			isa = PBXContainerItemProxy;
			containerPortal = 989205292A779BDE006A2B0F /* Project object */;
			proxyType = 1;
			remoteGlobalIDString = 989205302A779BDE006A2B0F;
			remoteInfo = Whisk;
		};
/* End PBXContainerItemProxy section */

/* Begin PBXFileReference section */
		987ED87E2A79EA7300E5391F /* WelcomeView.swift */ = {isa = PBXFileReference; lastKnownFileType = sourcecode.swift; path = WelcomeView.swift; sourceTree = "<group>"; };
		987ED8802A79EB9F00E5391F /* AnimationView.swift */ = {isa = PBXFileReference; lastKnownFileType = sourcecode.swift; path = AnimationView.swift; sourceTree = "<group>"; };
		987ED8852A79FA5200E5391F /* MapView.swift */ = {isa = PBXFileReference; lastKnownFileType = sourcecode.swift; path = MapView.swift; sourceTree = "<group>"; };
		987ED8942A7A061200E5391F /* Info.plist */ = {isa = PBXFileReference; lastKnownFileType = text.plist; path = Info.plist; sourceTree = "<group>"; };
		987ED8962A7A06C100E5391F /* PlayfairDisplay-Regular.ttf */ = {isa = PBXFileReference; lastKnownFileType = file; path = "PlayfairDisplay-Regular.ttf"; sourceTree = "<group>"; };
		987ED8972A7A06C200E5391F /* PlayfairDisplay-Black.ttf */ = {isa = PBXFileReference; lastKnownFileType = file; path = "PlayfairDisplay-Black.ttf"; sourceTree = "<group>"; };
		987ED8982A7A06C200E5391F /* PlayfairDisplay-BoldItalic.ttf */ = {isa = PBXFileReference; lastKnownFileType = file; path = "PlayfairDisplay-BoldItalic.ttf"; sourceTree = "<group>"; };
		987ED8992A7A06C200E5391F /* PlayfairDisplay-Italic.ttf */ = {isa = PBXFileReference; lastKnownFileType = file; path = "PlayfairDisplay-Italic.ttf"; sourceTree = "<group>"; };
		987ED89A2A7A06C200E5391F /* PlayfairDisplay-ExtraBoldItalic.ttf */ = {isa = PBXFileReference; lastKnownFileType = file; path = "PlayfairDisplay-ExtraBoldItalic.ttf"; sourceTree = "<group>"; };
		987ED89B2A7A06C200E5391F /* PlayfairDisplay-BlackItalic.ttf */ = {isa = PBXFileReference; lastKnownFileType = file; path = "PlayfairDisplay-BlackItalic.ttf"; sourceTree = "<group>"; };
		987ED89C2A7A06C200E5391F /* PlayfairDisplay-MediumItalic.ttf */ = {isa = PBXFileReference; lastKnownFileType = file; path = "PlayfairDisplay-MediumItalic.ttf"; sourceTree = "<group>"; };
		987ED89D2A7A06C200E5391F /* PlayfairDisplay-Bold.ttf */ = {isa = PBXFileReference; lastKnownFileType = file; path = "PlayfairDisplay-Bold.ttf"; sourceTree = "<group>"; };
		987ED89E2A7A06C200E5391F /* PlayfairDisplay-SemiBold.ttf */ = {isa = PBXFileReference; lastKnownFileType = file; path = "PlayfairDisplay-SemiBold.ttf"; sourceTree = "<group>"; };
		987ED89F2A7A06C200E5391F /* PlayfairDisplay-SemiBoldItalic.ttf */ = {isa = PBXFileReference; lastKnownFileType = file; path = "PlayfairDisplay-SemiBoldItalic.ttf"; sourceTree = "<group>"; };
		987ED8A02A7A06C300E5391F /* PlayfairDisplay-ExtraBold.ttf */ = {isa = PBXFileReference; lastKnownFileType = file; path = "PlayfairDisplay-ExtraBold.ttf"; sourceTree = "<group>"; };
		987ED8A12A7A06C300E5391F /* PlayfairDisplay-Medium.ttf */ = {isa = PBXFileReference; lastKnownFileType = file; path = "PlayfairDisplay-Medium.ttf"; sourceTree = "<group>"; };
		987ED8AE2A7AC0E400E5391F /* cocktail.json */ = {isa = PBXFileReference; fileEncoding = 4; lastKnownFileType = text.json; path = cocktail.json; sourceTree = "<group>"; };
		989205312A779BDE006A2B0F /* Whisk.app */ = {isa = PBXFileReference; explicitFileType = wrapper.application; includeInIndex = 0; path = Whisk.app; sourceTree = BUILT_PRODUCTS_DIR; };
		989205342A779BDE006A2B0F /* WhiskApp.swift */ = {isa = PBXFileReference; lastKnownFileType = sourcecode.swift; path = WhiskApp.swift; sourceTree = "<group>"; };
		989205362A779BDE006A2B0F /* ContentView.swift */ = {isa = PBXFileReference; lastKnownFileType = sourcecode.swift; path = ContentView.swift; sourceTree = "<group>"; };
		989205382A779BDF006A2B0F /* Assets.xcassets */ = {isa = PBXFileReference; lastKnownFileType = folder.assetcatalog; path = Assets.xcassets; sourceTree = "<group>"; };
		9892053B2A779BDF006A2B0F /* Preview Assets.xcassets */ = {isa = PBXFileReference; lastKnownFileType = folder.assetcatalog; path = "Preview Assets.xcassets"; sourceTree = "<group>"; };
		989205412A779BDF006A2B0F /* WhiskTests.xctest */ = {isa = PBXFileReference; explicitFileType = wrapper.cfbundle; includeInIndex = 0; path = WhiskTests.xctest; sourceTree = BUILT_PRODUCTS_DIR; };
		989205452A779BDF006A2B0F /* WhiskTests.swift */ = {isa = PBXFileReference; lastKnownFileType = sourcecode.swift; path = WhiskTests.swift; sourceTree = "<group>"; };
		9892054B2A779BDF006A2B0F /* WhiskUITests.xctest */ = {isa = PBXFileReference; explicitFileType = wrapper.cfbundle; includeInIndex = 0; path = WhiskUITests.xctest; sourceTree = BUILT_PRODUCTS_DIR; };
		9892054F2A779BDF006A2B0F /* WhiskUITests.swift */ = {isa = PBXFileReference; lastKnownFileType = sourcecode.swift; path = WhiskUITests.swift; sourceTree = "<group>"; };
		989205512A779BDF006A2B0F /* WhiskUITestsLaunchTests.swift */ = {isa = PBXFileReference; lastKnownFileType = sourcecode.swift; path = WhiskUITestsLaunchTests.swift; sourceTree = "<group>"; };
		9892056A2A77A120006A2B0F /* CircleImage.swift */ = {isa = PBXFileReference; lastKnownFileType = sourcecode.swift; path = CircleImage.swift; sourceTree = "<group>"; };
		9892056F2A77A17C006A2B0F /* CocktailCard.swift */ = {isa = PBXFileReference; lastKnownFileType = sourcecode.swift; path = CocktailCard.swift; sourceTree = "<group>"; };
		989205712A77A1CE006A2B0F /* CocktailList.swift */ = {isa = PBXFileReference; lastKnownFileType = sourcecode.swift; path = CocktailList.swift; sourceTree = "<group>"; };
		989205752A77AA02006A2B0F /* Cocktail.swift */ = {isa = PBXFileReference; lastKnownFileType = sourcecode.swift; path = Cocktail.swift; sourceTree = "<group>"; };
		9892057C2A77AA86006A2B0F /* ModelData.swift */ = {isa = PBXFileReference; lastKnownFileType = sourcecode.swift; path = ModelData.swift; sourceTree = "<group>"; };
		989205872A78D7AB006A2B0F /* CocktailRow.swift */ = {isa = PBXFileReference; lastKnownFileType = sourcecode.swift; path = CocktailRow.swift; sourceTree = "<group>"; };
		989205892A78DD1B006A2B0F /* RectangleImage.swift */ = {isa = PBXFileReference; lastKnownFileType = sourcecode.swift; path = RectangleImage.swift; sourceTree = "<group>"; };
		98F8428A2A80EEE400A4276F /* MapAnnotationView.swift */ = {isa = PBXFileReference; lastKnownFileType = sourcecode.swift; path = MapAnnotationView.swift; sourceTree = "<group>"; };
		98F842932A82EB1100A4276F /* AccountView.swift */ = {isa = PBXFileReference; lastKnownFileType = sourcecode.swift; path = AccountView.swift; sourceTree = "<group>"; };
		98F842952A83588B00A4276F /* InfoView.swift */ = {isa = PBXFileReference; lastKnownFileType = sourcecode.swift; path = InfoView.swift; sourceTree = "<group>"; };
		98F842972A835C4400A4276F /* Roboto-Medium.ttf */ = {isa = PBXFileReference; lastKnownFileType = file; path = "Roboto-Medium.ttf"; sourceTree = "<group>"; };
		98F842982A835C4400A4276F /* Roboto-Light.ttf */ = {isa = PBXFileReference; lastKnownFileType = file; path = "Roboto-Light.ttf"; sourceTree = "<group>"; };
		98F842992A835C4400A4276F /* Roboto-Regular.ttf */ = {isa = PBXFileReference; lastKnownFileType = file; path = "Roboto-Regular.ttf"; sourceTree = "<group>"; };
		98F8429A2A835C4400A4276F /* Roboto-Bold.ttf */ = {isa = PBXFileReference; lastKnownFileType = file; path = "Roboto-Bold.ttf"; sourceTree = "<group>"; };
		98F842A12A838D0300A4276F /* RatingView.swift */ = {isa = PBXFileReference; lastKnownFileType = sourcecode.swift; path = RatingView.swift; sourceTree = "<group>"; };
		98F842A32A838F6A00A4276F /* HeartBoxView.swift */ = {isa = PBXFileReference; lastKnownFileType = sourcecode.swift; path = HeartBoxView.swift; sourceTree = "<group>"; };
		98F842A52A8462A200A4276F /* IngredientsView.swift */ = {isa = PBXFileReference; lastKnownFileType = sourcecode.swift; path = IngredientsView.swift; sourceTree = "<group>"; };
		98F842A72A85CE0800A4276F /* ButtonView.swift */ = {isa = PBXFileReference; lastKnownFileType = sourcecode.swift; path = ButtonView.swift; sourceTree = "<group>"; };
		98F842AA2A85CED700A4276F /* TitleTextView.swift */ = {isa = PBXFileReference; lastKnownFileType = sourcecode.swift; path = TitleTextView.swift; sourceTree = "<group>"; };
		98F842AC2A85CEDF00A4276F /* CaptionTextView.swift */ = {isa = PBXFileReference; lastKnownFileType = sourcecode.swift; path = CaptionTextView.swift; sourceTree = "<group>"; };
		98F842AE2A85CEED00A4276F /* HeadingTextView.swift */ = {isa = PBXFileReference; lastKnownFileType = sourcecode.swift; path = HeadingTextView.swift; sourceTree = "<group>"; };
/* End PBXFileReference section */

/* Begin PBXFrameworksBuildPhase section */
		9892052E2A779BDE006A2B0F /* Frameworks */ = {
			isa = PBXFrameworksBuildPhase;
			buildActionMask = 2147483647;
			files = (
			);
			runOnlyForDeploymentPostprocessing = 0;
		};
		9892053E2A779BDF006A2B0F /* Frameworks */ = {
			isa = PBXFrameworksBuildPhase;
			buildActionMask = 2147483647;
			files = (
			);
			runOnlyForDeploymentPostprocessing = 0;
		};
		989205482A779BDF006A2B0F /* Frameworks */ = {
			isa = PBXFrameworksBuildPhase;
			buildActionMask = 2147483647;
			files = (
			);
			runOnlyForDeploymentPostprocessing = 0;
		};
/* End PBXFrameworksBuildPhase section */

/* Begin PBXGroup section */
		987ED8752A79E4BA00E5391F /* Welcome */ = {
			isa = PBXGroup;
			children = (
				987ED87E2A79EA7300E5391F /* WelcomeView.swift */,
				987ED8802A79EB9F00E5391F /* AnimationView.swift */,
			);
			path = Welcome;
			sourceTree = "<group>";
		};
		987ED8952A7A06B300E5391F /* Fonts */ = {
			isa = PBXGroup;
			children = (
				98F8429A2A835C4400A4276F /* Roboto-Bold.ttf */,
				98F842982A835C4400A4276F /* Roboto-Light.ttf */,
				98F842972A835C4400A4276F /* Roboto-Medium.ttf */,
				98F842992A835C4400A4276F /* Roboto-Regular.ttf */,
				987ED8972A7A06C200E5391F /* PlayfairDisplay-Black.ttf */,
				987ED89B2A7A06C200E5391F /* PlayfairDisplay-BlackItalic.ttf */,
				987ED89D2A7A06C200E5391F /* PlayfairDisplay-Bold.ttf */,
				987ED8982A7A06C200E5391F /* PlayfairDisplay-BoldItalic.ttf */,
				987ED8A02A7A06C300E5391F /* PlayfairDisplay-ExtraBold.ttf */,
				987ED89A2A7A06C200E5391F /* PlayfairDisplay-ExtraBoldItalic.ttf */,
				987ED8992A7A06C200E5391F /* PlayfairDisplay-Italic.ttf */,
				987ED8A12A7A06C300E5391F /* PlayfairDisplay-Medium.ttf */,
				987ED89C2A7A06C200E5391F /* PlayfairDisplay-MediumItalic.ttf */,
				987ED8962A7A06C100E5391F /* PlayfairDisplay-Regular.ttf */,
				987ED89E2A7A06C200E5391F /* PlayfairDisplay-SemiBold.ttf */,
				987ED89F2A7A06C200E5391F /* PlayfairDisplay-SemiBoldItalic.ttf */,
			);
			path = Fonts;
			sourceTree = "<group>";
		};
		989205282A779BDE006A2B0F = {
			isa = PBXGroup;
			children = (
				989205332A779BDE006A2B0F /* Whisk */,
				989205442A779BDF006A2B0F /* WhiskTests */,
				9892054E2A779BDF006A2B0F /* WhiskUITests */,
				989205322A779BDE006A2B0F /* Products */,
			);
			sourceTree = "<group>";
		};
		989205322A779BDE006A2B0F /* Products */ = {
			isa = PBXGroup;
			children = (
				989205312A779BDE006A2B0F /* Whisk.app */,
				989205412A779BDF006A2B0F /* WhiskTests.xctest */,
				9892054B2A779BDF006A2B0F /* WhiskUITests.xctest */,
			);
			name = Products;
			sourceTree = "<group>";
		};
		989205332A779BDE006A2B0F /* Whisk */ = {
			isa = PBXGroup;
			children = (
				987ED8952A7A06B300E5391F /* Fonts */,
				987ED8942A7A061200E5391F /* Info.plist */,
				9892055F2A779E18006A2B0F /* View */,
				989205362A779BDE006A2B0F /* ContentView.swift */,
				9892057E2A77AA8E006A2B0F /* Data */,
				9892055E2A779E0B006A2B0F /* Model */,
				989205342A779BDE006A2B0F /* WhiskApp.swift */,
				989205382A779BDF006A2B0F /* Assets.xcassets */,
				9892053A2A779BDF006A2B0F /* Preview Content */,
			);
			path = Whisk;
			sourceTree = "<group>";
		};
		9892053A2A779BDF006A2B0F /* Preview Content */ = {
			isa = PBXGroup;
			children = (
				9892053B2A779BDF006A2B0F /* Preview Assets.xcassets */,
			);
			path = "Preview Content";
			sourceTree = "<group>";
		};
		989205442A779BDF006A2B0F /* WhiskTests */ = {
			isa = PBXGroup;
			children = (
				989205452A779BDF006A2B0F /* WhiskTests.swift */,
			);
			path = WhiskTests;
			sourceTree = "<group>";
		};
		9892054E2A779BDF006A2B0F /* WhiskUITests */ = {
			isa = PBXGroup;
			children = (
				9892054F2A779BDF006A2B0F /* WhiskUITests.swift */,
				989205512A779BDF006A2B0F /* WhiskUITestsLaunchTests.swift */,
			);
			path = WhiskUITests;
			sourceTree = "<group>";
		};
		9892055E2A779E0B006A2B0F /* Model */ = {
			isa = PBXGroup;
			children = (
				989205752A77AA02006A2B0F /* Cocktail.swift */,
				9892057C2A77AA86006A2B0F /* ModelData.swift */,
			);
			path = Model;
			sourceTree = "<group>";
		};
		9892055F2A779E18006A2B0F /* View */ = {
			isa = PBXGroup;
			children = (
				987ED8752A79E4BA00E5391F /* Welcome */,
				98F842922A82EB0500A4276F /* Account */,
				98F842862A7BBA0E00A4276F /* Cocktail */,
				989205662A77A025006A2B0F /* Components */,
			);
			path = View;
			sourceTree = "<group>";
		};
		989205662A77A025006A2B0F /* Components */ = {
			isa = PBXGroup;
			children = (
				98F842A92A85CEC300A4276F /* Text */,
				98F842892A80EED400A4276F /* Map */,
				9892058C2A78DEBC006A2B0F /* Image */,
			);
			path = Components;
			sourceTree = "<group>";
		};
		9892057E2A77AA8E006A2B0F /* Data */ = {
			isa = PBXGroup;
			children = (
				987ED8AE2A7AC0E400E5391F /* cocktail.json */,
			);
			path = Data;
			sourceTree = "<group>";
		};
		9892058C2A78DEBC006A2B0F /* Image */ = {
			isa = PBXGroup;
			children = (
				9892056A2A77A120006A2B0F /* CircleImage.swift */,
				989205892A78DD1B006A2B0F /* RectangleImage.swift */,
			);
			path = Image;
			sourceTree = "<group>";
		};
		98F842862A7BBA0E00A4276F /* Cocktail */ = {
			isa = PBXGroup;
			children = (
				9892056F2A77A17C006A2B0F /* CocktailCard.swift */,
				989205872A78D7AB006A2B0F /* CocktailRow.swift */,
				989205712A77A1CE006A2B0F /* CocktailList.swift */,
				98F842A12A838D0300A4276F /* RatingView.swift */,
				98F842A32A838F6A00A4276F /* HeartBoxView.swift */,
				98F842A52A8462A200A4276F /* IngredientsView.swift */,
			);
			path = Cocktail;
			sourceTree = "<group>";
		};
		98F842892A80EED400A4276F /* Map */ = {
			isa = PBXGroup;
			children = (
				987ED8852A79FA5200E5391F /* MapView.swift */,
				98F8428A2A80EEE400A4276F /* MapAnnotationView.swift */,
			);
			path = Map;
			sourceTree = "<group>";
		};
		98F842922A82EB0500A4276F /* Account */ = {
			isa = PBXGroup;
			children = (
				98F842932A82EB1100A4276F /* AccountView.swift */,
				98F842952A83588B00A4276F /* InfoView.swift */,
				98F842A72A85CE0800A4276F /* ButtonView.swift */,
			);
			path = Account;
			sourceTree = "<group>";
		};
		98F842A92A85CEC300A4276F /* Text */ = {
			isa = PBXGroup;
			children = (
				98F842AA2A85CED700A4276F /* TitleTextView.swift */,
				98F842AC2A85CEDF00A4276F /* CaptionTextView.swift */,
				98F842AE2A85CEED00A4276F /* HeadingTextView.swift */,
			);
			path = Text;
			sourceTree = "<group>";
		};
/* End PBXGroup section */

/* Begin PBXNativeTarget section */
		989205302A779BDE006A2B0F /* Whisk */ = {
			isa = PBXNativeTarget;
			buildConfigurationList = 989205552A779BDF006A2B0F /* Build configuration list for PBXNativeTarget "Whisk" */;
			buildPhases = (
				9892052D2A779BDE006A2B0F /* Sources */,
				9892052E2A779BDE006A2B0F /* Frameworks */,
				9892052F2A779BDE006A2B0F /* Resources */,
			);
			buildRules = (
			);
			dependencies = (
			);
			name = Whisk;
			productName = Whisk;
			productReference = 989205312A779BDE006A2B0F /* Whisk.app */;
			productType = "com.apple.product-type.application";
		};
		989205402A779BDF006A2B0F /* WhiskTests */ = {
			isa = PBXNativeTarget;
			buildConfigurationList = 989205582A779BDF006A2B0F /* Build configuration list for PBXNativeTarget "WhiskTests" */;
			buildPhases = (
				9892053D2A779BDF006A2B0F /* Sources */,
				9892053E2A779BDF006A2B0F /* Frameworks */,
				9892053F2A779BDF006A2B0F /* Resources */,
			);
			buildRules = (
			);
			dependencies = (
				989205432A779BDF006A2B0F /* PBXTargetDependency */,
			);
			name = WhiskTests;
			productName = WhiskTests;
			productReference = 989205412A779BDF006A2B0F /* WhiskTests.xctest */;
			productType = "com.apple.product-type.bundle.unit-test";
		};
		9892054A2A779BDF006A2B0F /* WhiskUITests */ = {
			isa = PBXNativeTarget;
			buildConfigurationList = 9892055B2A779BDF006A2B0F /* Build configuration list for PBXNativeTarget "WhiskUITests" */;
			buildPhases = (
				989205472A779BDF006A2B0F /* Sources */,
				989205482A779BDF006A2B0F /* Frameworks */,
				989205492A779BDF006A2B0F /* Resources */,
			);
			buildRules = (
			);
			dependencies = (
				9892054D2A779BDF006A2B0F /* PBXTargetDependency */,
			);
			name = WhiskUITests;
			productName = WhiskUITests;
			productReference = 9892054B2A779BDF006A2B0F /* WhiskUITests.xctest */;
			productType = "com.apple.product-type.bundle.ui-testing";
		};
/* End PBXNativeTarget section */

/* Begin PBXProject section */
		989205292A779BDE006A2B0F /* Project object */ = {
			isa = PBXProject;
			attributes = {
				BuildIndependentTargetsInParallel = 1;
				LastSwiftUpdateCheck = 1430;
				LastUpgradeCheck = 1430;
				TargetAttributes = {
					989205302A779BDE006A2B0F = {
						CreatedOnToolsVersion = 14.3.1;
					};
					989205402A779BDF006A2B0F = {
						CreatedOnToolsVersion = 14.3.1;
						TestTargetID = 989205302A779BDE006A2B0F;
					};
					9892054A2A779BDF006A2B0F = {
						CreatedOnToolsVersion = 14.3.1;
						TestTargetID = 989205302A779BDE006A2B0F;
					};
				};
			};
			buildConfigurationList = 9892052C2A779BDE006A2B0F /* Build configuration list for PBXProject "Whisk" */;
			compatibilityVersion = "Xcode 14.0";
			developmentRegion = en;
			hasScannedForEncodings = 0;
			knownRegions = (
				en,
				Base,
			);
			mainGroup = 989205282A779BDE006A2B0F;
			productRefGroup = 989205322A779BDE006A2B0F /* Products */;
			projectDirPath = "";
			projectRoot = "";
			targets = (
				989205302A779BDE006A2B0F /* Whisk */,
				989205402A779BDF006A2B0F /* WhiskTests */,
				9892054A2A779BDF006A2B0F /* WhiskUITests */,
			);
		};
/* End PBXProject section */

/* Begin PBXResourcesBuildPhase section */
		9892052F2A779BDE006A2B0F /* Resources */ = {
			isa = PBXResourcesBuildPhase;
			buildActionMask = 2147483647;
			files = (
				98F8429B2A835C4500A4276F /* Roboto-Medium.ttf in Resources */,
				98F8429E2A835C4500A4276F /* Roboto-Bold.ttf in Resources */,
				987ED8A62A7A06C300E5391F /* PlayfairDisplay-ExtraBoldItalic.ttf in Resources */,
				987ED8A72A7A06C300E5391F /* PlayfairDisplay-BlackItalic.ttf in Resources */,
				987ED8AB2A7A06C300E5391F /* PlayfairDisplay-SemiBoldItalic.ttf in Resources */,
				9892053C2A779BDF006A2B0F /* Preview Assets.xcassets in Resources */,
				987ED8AC2A7A06C300E5391F /* PlayfairDisplay-ExtraBold.ttf in Resources */,
				98F8429D2A835C4500A4276F /* Roboto-Regular.ttf in Resources */,
				987ED8A32A7A06C300E5391F /* PlayfairDisplay-Black.ttf in Resources */,
				987ED8A42A7A06C300E5391F /* PlayfairDisplay-BoldItalic.ttf in Resources */,
				987ED8A52A7A06C300E5391F /* PlayfairDisplay-Italic.ttf in Resources */,
				987ED8AF2A7AC0E400E5391F /* cocktail.json in Resources */,
				987ED8A82A7A06C300E5391F /* PlayfairDisplay-MediumItalic.ttf in Resources */,
				987ED8AA2A7A06C300E5391F /* PlayfairDisplay-SemiBold.ttf in Resources */,
				98F8429C2A835C4500A4276F /* Roboto-Light.ttf in Resources */,
				987ED8AD2A7A06C300E5391F /* PlayfairDisplay-Medium.ttf in Resources */,
				989205392A779BDF006A2B0F /* Assets.xcassets in Resources */,
				987ED8A92A7A06C300E5391F /* PlayfairDisplay-Bold.ttf in Resources */,
				987ED8A22A7A06C300E5391F /* PlayfairDisplay-Regular.ttf in Resources */,
			);
			runOnlyForDeploymentPostprocessing = 0;
		};
		9892053F2A779BDF006A2B0F /* Resources */ = {
			isa = PBXResourcesBuildPhase;
			buildActionMask = 2147483647;
			files = (
			);
			runOnlyForDeploymentPostprocessing = 0;
		};
		989205492A779BDF006A2B0F /* Resources */ = {
			isa = PBXResourcesBuildPhase;
			buildActionMask = 2147483647;
			files = (
			);
			runOnlyForDeploymentPostprocessing = 0;
		};
/* End PBXResourcesBuildPhase section */

/* Begin PBXSourcesBuildPhase section */
		9892052D2A779BDE006A2B0F /* Sources */ = {
			isa = PBXSourcesBuildPhase;
			buildActionMask = 2147483647;
			files = (
				987ED8862A79FA5200E5391F /* MapView.swift in Sources */,
				98F842A42A838F6A00A4276F /* HeartBoxView.swift in Sources */,
				9892057D2A77AA86006A2B0F /* ModelData.swift in Sources */,
				98F842AF2A85CEED00A4276F /* HeadingTextView.swift in Sources */,
				98F842A22A838D0300A4276F /* RatingView.swift in Sources */,
				989205372A779BDE006A2B0F /* ContentView.swift in Sources */,
				989205882A78D7AB006A2B0F /* CocktailRow.swift in Sources */,
				98F842A82A85CE0800A4276F /* ButtonView.swift in Sources */,
				989205702A77A17C006A2B0F /* CocktailCard.swift in Sources */,
				989205722A77A1CE006A2B0F /* CocktailList.swift in Sources */,
				98F842962A83588B00A4276F /* InfoView.swift in Sources */,
				9892056B2A77A120006A2B0F /* CircleImage.swift in Sources */,
				98F842AB2A85CED700A4276F /* TitleTextView.swift in Sources */,
				98F842A62A8462A200A4276F /* IngredientsView.swift in Sources */,
				989205352A779BDE006A2B0F /* WhiskApp.swift in Sources */,
				987ED87F2A79EA7300E5391F /* WelcomeView.swift in Sources */,
				98F842942A82EB1100A4276F /* AccountView.swift in Sources */,
				98F8428B2A80EEE400A4276F /* MapAnnotationView.swift in Sources */,
				987ED8812A79EB9F00E5391F /* AnimationView.swift in Sources */,
				9892058A2A78DD1B006A2B0F /* RectangleImage.swift in Sources */,
				98F842AD2A85CEDF00A4276F /* CaptionTextView.swift in Sources */,
				989205762A77AA02006A2B0F /* Cocktail.swift in Sources */,
			);
			runOnlyForDeploymentPostprocessing = 0;
		};
		9892053D2A779BDF006A2B0F /* Sources */ = {
			isa = PBXSourcesBuildPhase;
			buildActionMask = 2147483647;
			files = (
				989205462A779BDF006A2B0F /* WhiskTests.swift in Sources */,
			);
			runOnlyForDeploymentPostprocessing = 0;
		};
		989205472A779BDF006A2B0F /* Sources */ = {
			isa = PBXSourcesBuildPhase;
			buildActionMask = 2147483647;
			files = (
				989205502A779BDF006A2B0F /* WhiskUITests.swift in Sources */,
				989205522A779BDF006A2B0F /* WhiskUITestsLaunchTests.swift in Sources */,
			);
			runOnlyForDeploymentPostprocessing = 0;
		};
/* End PBXSourcesBuildPhase section */

/* Begin PBXTargetDependency section */
		989205432A779BDF006A2B0F /* PBXTargetDependency */ = {
			isa = PBXTargetDependency;
			target = 989205302A779BDE006A2B0F /* Whisk */;
			targetProxy = 989205422A779BDF006A2B0F /* PBXContainerItemProxy */;
		};
		9892054D2A779BDF006A2B0F /* PBXTargetDependency */ = {
			isa = PBXTargetDependency;
			target = 989205302A779BDE006A2B0F /* Whisk */;
			targetProxy = 9892054C2A779BDF006A2B0F /* PBXContainerItemProxy */;
		};
/* End PBXTargetDependency section */

/* Begin XCBuildConfiguration section */
		989205532A779BDF006A2B0F /* Debug */ = {
			isa = XCBuildConfiguration;
			buildSettings = {
				ALWAYS_SEARCH_USER_PATHS = NO;
				CLANG_ANALYZER_NONNULL = YES;
				CLANG_ANALYZER_NUMBER_OBJECT_CONVERSION = YES_AGGRESSIVE;
				CLANG_CXX_LANGUAGE_STANDARD = "gnu++20";
				CLANG_ENABLE_MODULES = YES;
				CLANG_ENABLE_OBJC_ARC = YES;
				CLANG_ENABLE_OBJC_WEAK = YES;
				CLANG_WARN_BLOCK_CAPTURE_AUTORELEASING = YES;
				CLANG_WARN_BOOL_CONVERSION = YES;
				CLANG_WARN_COMMA = YES;
				CLANG_WARN_CONSTANT_CONVERSION = YES;
				CLANG_WARN_DEPRECATED_OBJC_IMPLEMENTATIONS = YES;
				CLANG_WARN_DIRECT_OBJC_ISA_USAGE = YES_ERROR;
				CLANG_WARN_DOCUMENTATION_COMMENTS = YES;
				CLANG_WARN_EMPTY_BODY = YES;
				CLANG_WARN_ENUM_CONVERSION = YES;
				CLANG_WARN_INFINITE_RECURSION = YES;
				CLANG_WARN_INT_CONVERSION = YES;
				CLANG_WARN_NON_LITERAL_NULL_CONVERSION = YES;
				CLANG_WARN_OBJC_IMPLICIT_RETAIN_SELF = YES;
				CLANG_WARN_OBJC_LITERAL_CONVERSION = YES;
				CLANG_WARN_OBJC_ROOT_CLASS = YES_ERROR;
				CLANG_WARN_QUOTED_INCLUDE_IN_FRAMEWORK_HEADER = YES;
				CLANG_WARN_RANGE_LOOP_ANALYSIS = YES;
				CLANG_WARN_STRICT_PROTOTYPES = YES;
				CLANG_WARN_SUSPICIOUS_MOVE = YES;
				CLANG_WARN_UNGUARDED_AVAILABILITY = YES_AGGRESSIVE;
				CLANG_WARN_UNREACHABLE_CODE = YES;
				CLANG_WARN__DUPLICATE_METHOD_MATCH = YES;
				COPY_PHASE_STRIP = NO;
				DEBUG_INFORMATION_FORMAT = dwarf;
				ENABLE_STRICT_OBJC_MSGSEND = YES;
				ENABLE_TESTABILITY = YES;
				GCC_C_LANGUAGE_STANDARD = gnu11;
				GCC_DYNAMIC_NO_PIC = NO;
				GCC_NO_COMMON_BLOCKS = YES;
				GCC_OPTIMIZATION_LEVEL = 0;
				GCC_PREPROCESSOR_DEFINITIONS = (
					"DEBUG=1",
					"$(inherited)",
				);
				GCC_WARN_64_TO_32_BIT_CONVERSION = YES;
				GCC_WARN_ABOUT_RETURN_TYPE = YES_ERROR;
				GCC_WARN_UNDECLARED_SELECTOR = YES;
				GCC_WARN_UNINITIALIZED_AUTOS = YES_AGGRESSIVE;
				GCC_WARN_UNUSED_FUNCTION = YES;
				GCC_WARN_UNUSED_VARIABLE = YES;
				IPHONEOS_DEPLOYMENT_TARGET = 16.4;
				MTL_ENABLE_DEBUG_INFO = INCLUDE_SOURCE;
				MTL_FAST_MATH = YES;
				ONLY_ACTIVE_ARCH = YES;
				SDKROOT = iphoneos;
				SWIFT_ACTIVE_COMPILATION_CONDITIONS = DEBUG;
				SWIFT_OPTIMIZATION_LEVEL = "-Onone";
			};
			name = Debug;
		};
		989205542A779BDF006A2B0F /* Release */ = {
			isa = XCBuildConfiguration;
			buildSettings = {
				ALWAYS_SEARCH_USER_PATHS = NO;
				CLANG_ANALYZER_NONNULL = YES;
				CLANG_ANALYZER_NUMBER_OBJECT_CONVERSION = YES_AGGRESSIVE;
				CLANG_CXX_LANGUAGE_STANDARD = "gnu++20";
				CLANG_ENABLE_MODULES = YES;
				CLANG_ENABLE_OBJC_ARC = YES;
				CLANG_ENABLE_OBJC_WEAK = YES;
				CLANG_WARN_BLOCK_CAPTURE_AUTORELEASING = YES;
				CLANG_WARN_BOOL_CONVERSION = YES;
				CLANG_WARN_COMMA = YES;
				CLANG_WARN_CONSTANT_CONVERSION = YES;
				CLANG_WARN_DEPRECATED_OBJC_IMPLEMENTATIONS = YES;
				CLANG_WARN_DIRECT_OBJC_ISA_USAGE = YES_ERROR;
				CLANG_WARN_DOCUMENTATION_COMMENTS = YES;
				CLANG_WARN_EMPTY_BODY = YES;
				CLANG_WARN_ENUM_CONVERSION = YES;
				CLANG_WARN_INFINITE_RECURSION = YES;
				CLANG_WARN_INT_CONVERSION = YES;
				CLANG_WARN_NON_LITERAL_NULL_CONVERSION = YES;
				CLANG_WARN_OBJC_IMPLICIT_RETAIN_SELF = YES;
				CLANG_WARN_OBJC_LITERAL_CONVERSION = YES;
				CLANG_WARN_OBJC_ROOT_CLASS = YES_ERROR;
				CLANG_WARN_QUOTED_INCLUDE_IN_FRAMEWORK_HEADER = YES;
				CLANG_WARN_RANGE_LOOP_ANALYSIS = YES;
				CLANG_WARN_STRICT_PROTOTYPES = YES;
				CLANG_WARN_SUSPICIOUS_MOVE = YES;
				CLANG_WARN_UNGUARDED_AVAILABILITY = YES_AGGRESSIVE;
				CLANG_WARN_UNREACHABLE_CODE = YES;
				CLANG_WARN__DUPLICATE_METHOD_MATCH = YES;
				COPY_PHASE_STRIP = NO;
				DEBUG_INFORMATION_FORMAT = "dwarf-with-dsym";
				ENABLE_NS_ASSERTIONS = NO;
				ENABLE_STRICT_OBJC_MSGSEND = YES;
				GCC_C_LANGUAGE_STANDARD = gnu11;
				GCC_NO_COMMON_BLOCKS = YES;
				GCC_WARN_64_TO_32_BIT_CONVERSION = YES;
				GCC_WARN_ABOUT_RETURN_TYPE = YES_ERROR;
				GCC_WARN_UNDECLARED_SELECTOR = YES;
				GCC_WARN_UNINITIALIZED_AUTOS = YES_AGGRESSIVE;
				GCC_WARN_UNUSED_FUNCTION = YES;
				GCC_WARN_UNUSED_VARIABLE = YES;
				IPHONEOS_DEPLOYMENT_TARGET = 16.4;
				MTL_ENABLE_DEBUG_INFO = NO;
				MTL_FAST_MATH = YES;
				SDKROOT = iphoneos;
				SWIFT_COMPILATION_MODE = wholemodule;
				SWIFT_OPTIMIZATION_LEVEL = "-O";
				VALIDATE_PRODUCT = YES;
			};
			name = Release;
		};
		989205562A779BDF006A2B0F /* Debug */ = {
			isa = XCBuildConfiguration;
			buildSettings = {
				ASSETCATALOG_COMPILER_APPICON_NAME = AppIcon;
				ASSETCATALOG_COMPILER_GLOBAL_ACCENT_COLOR_NAME = AccentColor;
				CODE_SIGN_STYLE = Automatic;
				CURRENT_PROJECT_VERSION = 1;
				DEVELOPMENT_ASSET_PATHS = "\"Whisk/Preview Content\"";
				DEVELOPMENT_TEAM = 3983239Z4G;
				ENABLE_PREVIEWS = YES;
				GENERATE_INFOPLIST_FILE = YES;
				INFOPLIST_FILE = Whisk/Info.plist;
				INFOPLIST_KEY_UIApplicationSceneManifest_Generation = YES;
				INFOPLIST_KEY_UIApplicationSupportsIndirectInputEvents = YES;
				INFOPLIST_KEY_UILaunchScreen_Generation = YES;
				INFOPLIST_KEY_UISupportedInterfaceOrientations_iPad = "UIInterfaceOrientationPortrait UIInterfaceOrientationPortraitUpsideDown UIInterfaceOrientationLandscapeLeft UIInterfaceOrientationLandscapeRight";
				INFOPLIST_KEY_UISupportedInterfaceOrientations_iPhone = "UIInterfaceOrientationPortrait UIInterfaceOrientationLandscapeLeft UIInterfaceOrientationLandscapeRight";
				LD_RUNPATH_SEARCH_PATHS = (
					"$(inherited)",
					"@executable_path/Frameworks",
				);
				MARKETING_VERSION = 1.0;
				PRODUCT_BUNDLE_IDENTIFIER = vn.edu.rmit.Whisk;
				PRODUCT_NAME = "$(TARGET_NAME)";
				SWIFT_EMIT_LOC_STRINGS = YES;
				SWIFT_VERSION = 5.0;
				TARGETED_DEVICE_FAMILY = "1,2";
			};
			name = Debug;
		};
		989205572A779BDF006A2B0F /* Release */ = {
			isa = XCBuildConfiguration;
			buildSettings = {
				ASSETCATALOG_COMPILER_APPICON_NAME = AppIcon;
				ASSETCATALOG_COMPILER_GLOBAL_ACCENT_COLOR_NAME = AccentColor;
				CODE_SIGN_STYLE = Automatic;
				CURRENT_PROJECT_VERSION = 1;
				DEVELOPMENT_ASSET_PATHS = "\"Whisk/Preview Content\"";
				DEVELOPMENT_TEAM = 3983239Z4G;
				ENABLE_PREVIEWS = YES;
				GENERATE_INFOPLIST_FILE = YES;
				INFOPLIST_FILE = Whisk/Info.plist;
				INFOPLIST_KEY_UIApplicationSceneManifest_Generation = YES;
				INFOPLIST_KEY_UIApplicationSupportsIndirectInputEvents = YES;
				INFOPLIST_KEY_UILaunchScreen_Generation = YES;
				INFOPLIST_KEY_UISupportedInterfaceOrientations_iPad = "UIInterfaceOrientationPortrait UIInterfaceOrientationPortraitUpsideDown UIInterfaceOrientationLandscapeLeft UIInterfaceOrientationLandscapeRight";
				INFOPLIST_KEY_UISupportedInterfaceOrientations_iPhone = "UIInterfaceOrientationPortrait UIInterfaceOrientationLandscapeLeft UIInterfaceOrientationLandscapeRight";
				LD_RUNPATH_SEARCH_PATHS = (
					"$(inherited)",
					"@executable_path/Frameworks",
				);
				MARKETING_VERSION = 1.0;
				PRODUCT_BUNDLE_IDENTIFIER = vn.edu.rmit.Whisk;
				PRODUCT_NAME = "$(TARGET_NAME)";
				SWIFT_EMIT_LOC_STRINGS = YES;
				SWIFT_VERSION = 5.0;
				TARGETED_DEVICE_FAMILY = "1,2";
			};
			name = Release;
		};
		989205592A779BDF006A2B0F /* Debug */ = {
			isa = XCBuildConfiguration;
			buildSettings = {
				ALWAYS_EMBED_SWIFT_STANDARD_LIBRARIES = YES;
				BUNDLE_LOADER = "$(TEST_HOST)";
				CODE_SIGN_STYLE = Automatic;
				CURRENT_PROJECT_VERSION = 1;
				DEVELOPMENT_TEAM = 3983239Z4G;
				GENERATE_INFOPLIST_FILE = YES;
				IPHONEOS_DEPLOYMENT_TARGET = 16.4;
				MARKETING_VERSION = 1.0;
				PRODUCT_BUNDLE_IDENTIFIER = vn.edu.rmit.WhiskTests;
				PRODUCT_NAME = "$(TARGET_NAME)";
				SWIFT_EMIT_LOC_STRINGS = NO;
				SWIFT_VERSION = 5.0;
				TARGETED_DEVICE_FAMILY = "1,2";
				TEST_HOST = "$(BUILT_PRODUCTS_DIR)/Whisk.app/$(BUNDLE_EXECUTABLE_FOLDER_PATH)/Whisk";
			};
			name = Debug;
		};
		9892055A2A779BDF006A2B0F /* Release */ = {
			isa = XCBuildConfiguration;
			buildSettings = {
				ALWAYS_EMBED_SWIFT_STANDARD_LIBRARIES = YES;
				BUNDLE_LOADER = "$(TEST_HOST)";
				CODE_SIGN_STYLE = Automatic;
				CURRENT_PROJECT_VERSION = 1;
				DEVELOPMENT_TEAM = 3983239Z4G;
				GENERATE_INFOPLIST_FILE = YES;
				IPHONEOS_DEPLOYMENT_TARGET = 16.4;
				MARKETING_VERSION = 1.0;
				PRODUCT_BUNDLE_IDENTIFIER = vn.edu.rmit.WhiskTests;
				PRODUCT_NAME = "$(TARGET_NAME)";
				SWIFT_EMIT_LOC_STRINGS = NO;
				SWIFT_VERSION = 5.0;
				TARGETED_DEVICE_FAMILY = "1,2";
				TEST_HOST = "$(BUILT_PRODUCTS_DIR)/Whisk.app/$(BUNDLE_EXECUTABLE_FOLDER_PATH)/Whisk";
			};
			name = Release;
		};
		9892055C2A779BDF006A2B0F /* Debug */ = {
			isa = XCBuildConfiguration;
			buildSettings = {
				ALWAYS_EMBED_SWIFT_STANDARD_LIBRARIES = YES;
				CODE_SIGN_STYLE = Automatic;
				CURRENT_PROJECT_VERSION = 1;
				DEVELOPMENT_TEAM = 3983239Z4G;
				GENERATE_INFOPLIST_FILE = YES;
				MARKETING_VERSION = 1.0;
				PRODUCT_BUNDLE_IDENTIFIER = vn.edu.rmit.WhiskUITests;
				PRODUCT_NAME = "$(TARGET_NAME)";
				SWIFT_EMIT_LOC_STRINGS = NO;
				SWIFT_VERSION = 5.0;
				TARGETED_DEVICE_FAMILY = "1,2";
				TEST_TARGET_NAME = Whisk;
			};
			name = Debug;
		};
		9892055D2A779BDF006A2B0F /* Release */ = {
			isa = XCBuildConfiguration;
			buildSettings = {
				ALWAYS_EMBED_SWIFT_STANDARD_LIBRARIES = YES;
				CODE_SIGN_STYLE = Automatic;
				CURRENT_PROJECT_VERSION = 1;
				DEVELOPMENT_TEAM = 3983239Z4G;
				GENERATE_INFOPLIST_FILE = YES;
				MARKETING_VERSION = 1.0;
				PRODUCT_BUNDLE_IDENTIFIER = vn.edu.rmit.WhiskUITests;
				PRODUCT_NAME = "$(TARGET_NAME)";
				SWIFT_EMIT_LOC_STRINGS = NO;
				SWIFT_VERSION = 5.0;
				TARGETED_DEVICE_FAMILY = "1,2";
				TEST_TARGET_NAME = Whisk;
			};
			name = Release;
		};
/* End XCBuildConfiguration section */

/* Begin XCConfigurationList section */
		9892052C2A779BDE006A2B0F /* Build configuration list for PBXProject "Whisk" */ = {
			isa = XCConfigurationList;
			buildConfigurations = (
				989205532A779BDF006A2B0F /* Debug */,
				989205542A779BDF006A2B0F /* Release */,
			);
			defaultConfigurationIsVisible = 0;
			defaultConfigurationName = Release;
		};
		989205552A779BDF006A2B0F /* Build configuration list for PBXNativeTarget "Whisk" */ = {
			isa = XCConfigurationList;
			buildConfigurations = (
				989205562A779BDF006A2B0F /* Debug */,
				989205572A779BDF006A2B0F /* Release */,
			);
			defaultConfigurationIsVisible = 0;
			defaultConfigurationName = Release;
		};
		989205582A779BDF006A2B0F /* Build configuration list for PBXNativeTarget "WhiskTests" */ = {
			isa = XCConfigurationList;
			buildConfigurations = (
				989205592A779BDF006A2B0F /* Debug */,
				9892055A2A779BDF006A2B0F /* Release */,
			);
			defaultConfigurationIsVisible = 0;
			defaultConfigurationName = Release;
		};
		9892055B2A779BDF006A2B0F /* Build configuration list for PBXNativeTarget "WhiskUITests" */ = {
			isa = XCConfigurationList;
			buildConfigurations = (
				9892055C2A779BDF006A2B0F /* Debug */,
				9892055D2A779BDF006A2B0F /* Release */,
			);
			defaultConfigurationIsVisible = 0;
			defaultConfigurationName = Release;
		};
/* End XCConfigurationList section */
	};
	rootObject = 989205292A779BDE006A2B0F /* Project object */;
}
